
Microsoft Visual Studio Solution File, Format Version 12.00
# Visual Studio 15
VisualStudioVersion = 15.0.28307.329
MinimumVisualStudioVersion = 10.0.40219.1
Project("{FAE04EC0-301F-11D3-BF4B-00C04F79EFBC}") = "BotShotCode", "BotShotCode.csproj", "{1DA6A5A0-31B7-4D0B-80D2-BEB10CE1E322}"
EndProject
Global
	GlobalSection(SolutionConfigurationPlatforms) = preSolution
		Debug|Any CPU = Debug|Any CPU
		Release|Any CPU = Release|Any CPU
	EndGlobalSection
	GlobalSection(ProjectConfigurationPlatforms) = postSolution
		{1DA6A5A0-31B7-4D0B-80D2-BEB10CE1E322}.Debug|Any CPU.ActiveCfg = Debug|Any CPU
		{1DA6A5A0-31B7-4D0B-80D2-BEB10CE1E322}.Debug|Any CPU.Build.0 = Debug|Any CPU
		{1DA6A5A0-31B7-4D0B-80D2-BEB10CE1E322}.Debug|Any CPU.Deploy.0 = Debug|Any CPU
		{1DA6A5A0-31B7-4D0B-80D2-BEB10CE1E322}.Release|Any CPU.ActiveCfg = Release|Any CPU
		{1DA6A5A0-31B7-4D0B-80D2-BEB10CE1E322}.Release|Any CPU.Build.0 = Release|Any CPU
		{1DA6A5A0-31B7-4D0B-80D2-BEB10CE1E322}.Release|Any CPU.Deploy.0 = Release|Any CPU
	EndGlobalSection
	GlobalSection(SolutionProperties) = preSolution
		HideSolutionNode = FALSE
	EndGlobalSection
	GlobalSection(ExtensibilityGlobals) = postSolution
		SolutionGuid = {D5B1D9B1-CB42-4BC8-BEA4-100F9117CC1F}
	EndGlobalSection
EndGlobal
